// !$*UTF8*$!
{
	archiveVersion = 1;
	classes = {
	};
	objectVersion = 55;
	objects = {

/* Begin PBXBuildFile section */
		FA51C79A2806AF02007D50F0 /* AppDelegate.swift in Sources */ = {isa = PBXBuildFile; fileRef = FA51C7992806AF02007D50F0 /* AppDelegate.swift */; };
		FA51C7A32806AF08007D50F0 /* Assets.xcassets in Resources */ = {isa = PBXBuildFile; fileRef = FA51C7A22806AF08007D50F0 /* Assets.xcassets */; };
		FA51C7A62806AF08007D50F0 /* LaunchScreen.storyboard in Resources */ = {isa = PBXBuildFile; fileRef = FA51C7A42806AF08007D50F0 /* LaunchScreen.storyboard */; };
		FA670C5A2806D2CB00BB6BC6 /* MyTabBarController.swift in Sources */ = {isa = PBXBuildFile; fileRef = FA670C592806D2CB00BB6BC6 /* MyTabBarController.swift */; };
		FA670C5C2806D3C700BB6BC6 /* FeedViewController.swift in Sources */ = {isa = PBXBuildFile; fileRef = FA670C5B2806D3C700BB6BC6 /* FeedViewController.swift */; };
		FA670C6028071A7B00BB6BC6 /* PostViewController.swift in Sources */ = {isa = PBXBuildFile; fileRef = FA670C5F28071A7B00BB6BC6 /* PostViewController.swift */; };
		FA670C622807F5B300BB6BC6 /* InfoViewController.swift in Sources */ = {isa = PBXBuildFile; fileRef = FA670C612807F5B300BB6BC6 /* InfoViewController.swift */; };
		FA670C6428080DE200BB6BC6 /* Post.swift in Sources */ = {isa = PBXBuildFile; fileRef = FA670C6328080DE200BB6BC6 /* Post.swift */; };
		FA8D91E1281283F600B3DDCD /* PostTableViewCell.swift in Sources */ = {isa = PBXBuildFile; fileRef = FA8D91E0281283F600B3DDCD /* PostTableViewCell.swift */; };
		FA8D91E328129BC300B3DDCD /* UiView+Extension.swift in Sources */ = {isa = PBXBuildFile; fileRef = FA8D91E228129BC300B3DDCD /* UiView+Extension.swift */; };
		FA913AFC280D7ACC00B48EE9 /* ProfileViewController.swift in Sources */ = {isa = PBXBuildFile; fileRef = FA913AFB280D7ACC00B48EE9 /* ProfileViewController.swift */; };
		FA913AFE280D7ACF00B48EE9 /* ProfileTableHederView.swift in Sources */ = {isa = PBXBuildFile; fileRef = FA913AFD280D7ACF00B48EE9 /* ProfileTableHederView.swift */; };
		FA913B08280F2E0300B48EE9 /* ColorSet.swift in Sources */ = {isa = PBXBuildFile; fileRef = FA913B07280F2E0300B48EE9 /* ColorSet.swift */; };
		FA913B0B280FC30F00B48EE9 /* LogInViewController.swift in Sources */ = {isa = PBXBuildFile; fileRef = FA913B0A280FC30F00B48EE9 /* LogInViewController.swift */; };
/* End PBXBuildFile section */

/* Begin PBXFileReference section */
		FA51C7962806AF02007D50F0 /* Navigation.app */ = {isa = PBXFileReference; explicitFileType = wrapper.application; includeInIndex = 0; path = Navigation.app; sourceTree = BUILT_PRODUCTS_DIR; };
		FA51C7992806AF02007D50F0 /* AppDelegate.swift */ = {isa = PBXFileReference; lastKnownFileType = sourcecode.swift; path = AppDelegate.swift; sourceTree = "<group>"; };
		FA51C7A22806AF08007D50F0 /* Assets.xcassets */ = {isa = PBXFileReference; lastKnownFileType = folder.assetcatalog; path = Assets.xcassets; sourceTree = "<group>"; };
		FA51C7A52806AF08007D50F0 /* Base */ = {isa = PBXFileReference; lastKnownFileType = file.storyboard; name = Base; path = Base.lproj/LaunchScreen.storyboard; sourceTree = "<group>"; };
		FA51C7A72806AF08007D50F0 /* Info.plist */ = {isa = PBXFileReference; lastKnownFileType = text.plist.xml; path = Info.plist; sourceTree = "<group>"; };
		FA670C592806D2CB00BB6BC6 /* MyTabBarController.swift */ = {isa = PBXFileReference; lastKnownFileType = sourcecode.swift; path = MyTabBarController.swift; sourceTree = "<group>"; };
		FA670C5B2806D3C700BB6BC6 /* FeedViewController.swift */ = {isa = PBXFileReference; lastKnownFileType = sourcecode.swift; path = FeedViewController.swift; sourceTree = "<group>"; };
		FA670C5F28071A7B00BB6BC6 /* PostViewController.swift */ = {isa = PBXFileReference; lastKnownFileType = sourcecode.swift; path = PostViewController.swift; sourceTree = "<group>"; };
		FA670C612807F5B300BB6BC6 /* InfoViewController.swift */ = {isa = PBXFileReference; lastKnownFileType = sourcecode.swift; path = InfoViewController.swift; sourceTree = "<group>"; };
		FA670C6328080DE200BB6BC6 /* Post.swift */ = {isa = PBXFileReference; lastKnownFileType = sourcecode.swift; path = Post.swift; sourceTree = "<group>"; };
		FA8D91E0281283F600B3DDCD /* PostTableViewCell.swift */ = {isa = PBXFileReference; lastKnownFileType = sourcecode.swift; path = PostTableViewCell.swift; sourceTree = "<group>"; };
		FA8D91E228129BC300B3DDCD /* UiView+Extension.swift */ = {isa = PBXFileReference; lastKnownFileType = sourcecode.swift; path = "UiView+Extension.swift"; sourceTree = "<group>"; };
		FA913AFB280D7ACC00B48EE9 /* ProfileViewController.swift */ = {isa = PBXFileReference; lastKnownFileType = sourcecode.swift; path = ProfileViewController.swift; sourceTree = "<group>"; };
		FA913AFD280D7ACF00B48EE9 /* ProfileTableHederView.swift */ = {isa = PBXFileReference; lastKnownFileType = sourcecode.swift; path = ProfileTableHederView.swift; sourceTree = "<group>"; };
		FA913B07280F2E0300B48EE9 /* ColorSet.swift */ = {isa = PBXFileReference; lastKnownFileType = sourcecode.swift; path = ColorSet.swift; sourceTree = "<group>"; };
		FA913B0A280FC30F00B48EE9 /* LogInViewController.swift */ = {isa = PBXFileReference; lastKnownFileType = sourcecode.swift; path = LogInViewController.swift; sourceTree = "<group>"; };
/* End PBXFileReference section */

/* Begin PBXFrameworksBuildPhase section */
		FA51C7932806AF02007D50F0 /* Frameworks */ = {
			isa = PBXFrameworksBuildPhase;
			buildActionMask = 2147483647;
			files = (
			);
			runOnlyForDeploymentPostprocessing = 0;
		};
/* End PBXFrameworksBuildPhase section */

/* Begin PBXGroup section */
		FA51C78D2806AF02007D50F0 = {
			isa = PBXGroup;
			children = (
				FA8D91E228129BC300B3DDCD /* UiView+Extension.swift */,
				FA51C7982806AF02007D50F0 /* Navigation */,
				FA51C7972806AF02007D50F0 /* Products */,
			);
			sourceTree = "<group>";
		};
		FA51C7972806AF02007D50F0 /* Products */ = {
			isa = PBXGroup;
			children = (
				FA51C7962806AF02007D50F0 /* Navigation.app */,
			);
			name = Products;
			sourceTree = "<group>";
		};
		FA51C7982806AF02007D50F0 /* Navigation */ = {
			isa = PBXGroup;
			children = (
				FA913B09280F301400B48EE9 /* ColorSet */,
				FA913AFF280D7AE500B48EE9 /* Profile */,
				FA51C7992806AF02007D50F0 /* AppDelegate.swift */,
				FA670C592806D2CB00BB6BC6 /* MyTabBarController.swift */,
				FA670C5B2806D3C700BB6BC6 /* FeedViewController.swift */,
				FA670C5F28071A7B00BB6BC6 /* PostViewController.swift */,
				FA670C612807F5B300BB6BC6 /* InfoViewController.swift */,
				FA8D91E0281283F600B3DDCD /* PostTableViewCell.swift */,
				FA670C6328080DE200BB6BC6 /* Post.swift */,
				FA51C7A22806AF08007D50F0 /* Assets.xcassets */,
				FA51C7A42806AF08007D50F0 /* LaunchScreen.storyboard */,
				FA51C7A72806AF08007D50F0 /* Info.plist */,
			);
			path = Navigation;
			sourceTree = "<group>";
		};
		FA913AFF280D7AE500B48EE9 /* Profile */ = {
			isa = PBXGroup;
			children = (
				FA913AFB280D7ACC00B48EE9 /* ProfileViewController.swift */,
				FA913AFD280D7ACF00B48EE9 /* ProfileTableHederView.swift */,
				FA913B0A280FC30F00B48EE9 /* LogInViewController.swift */,
			);
			path = Profile;
			sourceTree = "<group>";
		};
		FA913B09280F301400B48EE9 /* ColorSet */ = {
			isa = PBXGroup;
			children = (
				FA913B07280F2E0300B48EE9 /* ColorSet.swift */,
			);
			path = ColorSet;
			sourceTree = "<group>";
		};
/* End PBXGroup section */

/* Begin PBXNativeTarget section */
		FA51C7952806AF02007D50F0 /* Navigation */ = {
			isa = PBXNativeTarget;
			buildConfigurationList = FA51C7AA2806AF08007D50F0 /* Build configuration list for PBXNativeTarget "Navigation" */;
			buildPhases = (
				FA51C7922806AF02007D50F0 /* Sources */,
				FA51C7932806AF02007D50F0 /* Frameworks */,
				FA51C7942806AF02007D50F0 /* Resources */,
			);
			buildRules = (
			);
			dependencies = (
			);
			name = Navigation;
			productName = Navigation;
			productReference = FA51C7962806AF02007D50F0 /* Navigation.app */;
			productType = "com.apple.product-type.application";
		};
/* End PBXNativeTarget section */

/* Begin PBXProject section */
		FA51C78E2806AF02007D50F0 /* Project object */ = {
			isa = PBXProject;
			attributes = {
				BuildIndependentTargetsInParallel = 1;
				LastSwiftUpdateCheck = 1320;
				LastUpgradeCheck = 1320;
				TargetAttributes = {
					FA51C7952806AF02007D50F0 = {
						CreatedOnToolsVersion = 13.2;
					};
				};
			};
			buildConfigurationList = FA51C7912806AF02007D50F0 /* Build configuration list for PBXProject "Navigation" */;
			compatibilityVersion = "Xcode 13.0";
			developmentRegion = en;
			hasScannedForEncodings = 0;
			knownRegions = (
				en,
				Base,
			);
			mainGroup = FA51C78D2806AF02007D50F0;
			productRefGroup = FA51C7972806AF02007D50F0 /* Products */;
			projectDirPath = "";
			projectRoot = "";
			targets = (
				FA51C7952806AF02007D50F0 /* Navigation */,
			);
		};
/* End PBXProject section */

/* Begin PBXResourcesBuildPhase section */
		FA51C7942806AF02007D50F0 /* Resources */ = {
			isa = PBXResourcesBuildPhase;
			buildActionMask = 2147483647;
			files = (
				FA51C7A62806AF08007D50F0 /* LaunchScreen.storyboard in Resources */,
				FA51C7A32806AF08007D50F0 /* Assets.xcassets in Resources */,
			);
			runOnlyForDeploymentPostprocessing = 0;
		};
/* End PBXResourcesBuildPhase section */

/* Begin PBXSourcesBuildPhase section */
		FA51C7922806AF02007D50F0 /* Sources */ = {
			isa = PBXSourcesBuildPhase;
			buildActionMask = 2147483647;
			files = (
				FA8D91E1281283F600B3DDCD /* PostTableViewCell.swift in Sources */,
				FA51C79A2806AF02007D50F0 /* AppDelegate.swift in Sources */,
				FA670C5C2806D3C700BB6BC6 /* FeedViewController.swift in Sources */,
				FA670C5A2806D2CB00BB6BC6 /* MyTabBarController.swift in Sources */,
				FA670C622807F5B300BB6BC6 /* InfoViewController.swift in Sources */,
				FA913B08280F2E0300B48EE9 /* ColorSet.swift in Sources */,
				FA913AFC280D7ACC00B48EE9 /* ProfileViewController.swift in Sources */,
				FA670C6428080DE200BB6BC6 /* Post.swift in Sources */,
				FA670C6028071A7B00BB6BC6 /* PostViewController.swift in Sources */,
				FA913B0B280FC30F00B48EE9 /* LogInViewController.swift in Sources */,
				FA8D91E328129BC300B3DDCD /* UiView+Extension.swift in Sources */,
				FA913AFE280D7ACF00B48EE9 /* ProfileTableHederView.swift in Sources */,
			);
			runOnlyForDeploymentPostprocessing = 0;
		};
/* End PBXSourcesBuildPhase section */

/* Begin PBXVariantGroup section */
		FA51C7A42806AF08007D50F0 /* LaunchScreen.storyboard */ = {
			isa = PBXVariantGroup;
			children = (
				FA51C7A52806AF08007D50F0 /* Base */,
			);
			name = LaunchScreen.storyboard;
			sourceTree = "<group>";
		};
/* End PBXVariantGroup section */

/* Begin XCBuildConfiguration section */
		FA51C7A82806AF08007D50F0 /* Debug */ = {
			isa = XCBuildConfiguration;
			buildSettings = {
				ALWAYS_SEARCH_USER_PATHS = NO;
				CLANG_ANALYZER_NONNULL = YES;
				CLANG_ANALYZER_NUMBER_OBJECT_CONVERSION = YES_AGGRESSIVE;
				CLANG_CXX_LANGUAGE_STANDARD = "gnu++17";
				CLANG_CXX_LIBRARY = "libc++";
				CLANG_ENABLE_MODULES = YES;
				CLANG_ENABLE_OBJC_ARC = YES;
				CLANG_ENABLE_OBJC_WEAK = YES;
				CLANG_WARN_BLOCK_CAPTURE_AUTORELEASING = YES;
				CLANG_WARN_BOOL_CONVERSION = YES;
				CLANG_WARN_COMMA = YES;
				CLANG_WARN_CONSTANT_CONVERSION = YES;
				CLANG_WARN_DEPRECATED_OBJC_IMPLEMENTATIONS = YES;
				CLANG_WARN_DIRECT_OBJC_ISA_USAGE = YES_ERROR;
				CLANG_WARN_DOCUMENTATION_COMMENTS = YES;
				CLANG_WARN_EMPTY_BODY = YES;
				CLANG_WARN_ENUM_CONVERSION = YES;
				CLANG_WARN_INFINITE_RECURSION = YES;
				CLANG_WARN_INT_CONVERSION = YES;
				CLANG_WARN_NON_LITERAL_NULL_CONVERSION = YES;
				CLANG_WARN_OBJC_IMPLICIT_RETAIN_SELF = YES;
				CLANG_WARN_OBJC_LITERAL_CONVERSION = YES;
				CLANG_WARN_OBJC_ROOT_CLASS = YES_ERROR;
				CLANG_WARN_QUOTED_INCLUDE_IN_FRAMEWORK_HEADER = YES;
				CLANG_WARN_RANGE_LOOP_ANALYSIS = YES;
				CLANG_WARN_STRICT_PROTOTYPES = YES;
				CLANG_WARN_SUSPICIOUS_MOVE = YES;
				CLANG_WARN_UNGUARDED_AVAILABILITY = YES_AGGRESSIVE;
				CLANG_WARN_UNREACHABLE_CODE = YES;
				CLANG_WARN__DUPLICATE_METHOD_MATCH = YES;
				COPY_PHASE_STRIP = NO;
				DEBUG_INFORMATION_FORMAT = dwarf;
				ENABLE_STRICT_OBJC_MSGSEND = YES;
				ENABLE_TESTABILITY = YES;
				GCC_C_LANGUAGE_STANDARD = gnu11;
				GCC_DYNAMIC_NO_PIC = NO;
				GCC_NO_COMMON_BLOCKS = YES;
				GCC_OPTIMIZATION_LEVEL = 0;
				GCC_PREPROCESSOR_DEFINITIONS = (
					"DEBUG=1",
					"$(inherited)",
				);
				GCC_WARN_64_TO_32_BIT_CONVERSION = YES;
				GCC_WARN_ABOUT_RETURN_TYPE = YES_ERROR;
				GCC_WARN_UNDECLARED_SELECTOR = YES;
				GCC_WARN_UNINITIALIZED_AUTOS = YES_AGGRESSIVE;
				GCC_WARN_UNUSED_FUNCTION = YES;
				GCC_WARN_UNUSED_VARIABLE = YES;
				IPHONEOS_DEPLOYMENT_TARGET = 15.2;
				MTL_ENABLE_DEBUG_INFO = INCLUDE_SOURCE;
				MTL_FAST_MATH = YES;
				ONLY_ACTIVE_ARCH = YES;
				SDKROOT = iphoneos;
				SWIFT_ACTIVE_COMPILATION_CONDITIONS = DEBUG;
				SWIFT_OPTIMIZATION_LEVEL = "-Onone";
			};
			name = Debug;
		};
		FA51C7A92806AF08007D50F0 /* Release */ = {
			isa = XCBuildConfiguration;
			buildSettings = {
				ALWAYS_SEARCH_USER_PATHS = NO;
				CLANG_ANALYZER_NONNULL = YES;
				CLANG_ANALYZER_NUMBER_OBJECT_CONVERSION = YES_AGGRESSIVE;
				CLANG_CXX_LANGUAGE_STANDARD = "gnu++17";
				CLANG_CXX_LIBRARY = "libc++";
				CLANG_ENABLE_MODULES = YES;
				CLANG_ENABLE_OBJC_ARC = YES;
				CLANG_ENABLE_OBJC_WEAK = YES;
				CLANG_WARN_BLOCK_CAPTURE_AUTORELEASING = YES;
				CLANG_WARN_BOOL_CONVERSION = YES;
				CLANG_WARN_COMMA = YES;
				CLANG_WARN_CONSTANT_CONVERSION = YES;
				CLANG_WARN_DEPRECATED_OBJC_IMPLEMENTATIONS = YES;
				CLANG_WARN_DIRECT_OBJC_ISA_USAGE = YES_ERROR;
				CLANG_WARN_DOCUMENTATION_COMMENTS = YES;
				CLANG_WARN_EMPTY_BODY = YES;
				CLANG_WARN_ENUM_CONVERSION = YES;
				CLANG_WARN_INFINITE_RECURSION = YES;
				CLANG_WARN_INT_CONVERSION = YES;
				CLANG_WARN_NON_LITERAL_NULL_CONVERSION = YES;
				CLANG_WARN_OBJC_IMPLICIT_RETAIN_SELF = YES;
				CLANG_WARN_OBJC_LITERAL_CONVERSION = YES;
				CLANG_WARN_OBJC_ROOT_CLASS = YES_ERROR;
				CLANG_WARN_QUOTED_INCLUDE_IN_FRAMEWORK_HEADER = YES;
				CLANG_WARN_RANGE_LOOP_ANALYSIS = YES;
				CLANG_WARN_STRICT_PROTOTYPES = YES;
				CLANG_WARN_SUSPICIOUS_MOVE = YES;
				CLANG_WARN_UNGUARDED_AVAILABILITY = YES_AGGRESSIVE;
				CLANG_WARN_UNREACHABLE_CODE = YES;
				CLANG_WARN__DUPLICATE_METHOD_MATCH = YES;
				COPY_PHASE_STRIP = NO;
				DEBUG_INFORMATION_FORMAT = "dwarf-with-dsym";
				ENABLE_NS_ASSERTIONS = NO;
				ENABLE_STRICT_OBJC_MSGSEND = YES;
				GCC_C_LANGUAGE_STANDARD = gnu11;
				GCC_NO_COMMON_BLOCKS = YES;
				GCC_WARN_64_TO_32_BIT_CONVERSION = YES;
				GCC_WARN_ABOUT_RETURN_TYPE = YES_ERROR;
				GCC_WARN_UNDECLARED_SELECTOR = YES;
				GCC_WARN_UNINITIALIZED_AUTOS = YES_AGGRESSIVE;
				GCC_WARN_UNUSED_FUNCTION = YES;
				GCC_WARN_UNUSED_VARIABLE = YES;
				IPHONEOS_DEPLOYMENT_TARGET = 15.2;
				MTL_ENABLE_DEBUG_INFO = NO;
				MTL_FAST_MATH = YES;
				SDKROOT = iphoneos;
				SWIFT_COMPILATION_MODE = wholemodule;
				SWIFT_OPTIMIZATION_LEVEL = "-O";
				VALIDATE_PRODUCT = YES;
			};
			name = Release;
		};
		FA51C7AB2806AF08007D50F0 /* Debug */ = {
			isa = XCBuildConfiguration;
			buildSettings = {
				ASSETCATALOG_COMPILER_APPICON_NAME = AppIcon;
				ASSETCATALOG_COMPILER_GLOBAL_ACCENT_COLOR_NAME = AccentColor;
				CODE_SIGN_STYLE = Automatic;
				CURRENT_PROJECT_VERSION = 1;
				DEVELOPMENT_TEAM = DGJ822KQ62;
				GENERATE_INFOPLIST_FILE = YES;
				INFOPLIST_FILE = Navigation/Info.plist;
				INFOPLIST_KEY_UIApplicationSupportsIndirectInputEvents = YES;
				INFOPLIST_KEY_UILaunchStoryboardName = LaunchScreen;
				INFOPLIST_KEY_UISupportedInterfaceOrientations_iPad = "UIInterfaceOrientationPortrait UIInterfaceOrientationPortraitUpsideDown UIInterfaceOrientationLandscapeLeft UIInterfaceOrientationLandscapeRight";
				INFOPLIST_KEY_UISupportedInterfaceOrientations_iPhone = "UIInterfaceOrientationPortrait UIInterfaceOrientationLandscapeLeft UIInterfaceOrientationLandscapeRight";
				LD_RUNPATH_SEARCH_PATHS = (
					"$(inherited)",
					"@executable_path/Frameworks",
				);
				MARKETING_VERSION = 1.0;
				PRODUCT_BUNDLE_IDENTIFIER = "-.Navigation";
				PRODUCT_NAME = "$(TARGET_NAME)";
				SWIFT_EMIT_LOC_STRINGS = YES;
				SWIFT_VERSION = 5.0;
				TARGETED_DEVICE_FAMILY = "1,2";
			};
			name = Debug;
		};
		FA51C7AC2806AF08007D50F0 /* Release */ = {
			isa = XCBuildConfiguration;
			buildSettings = {
				ASSETCATALOG_COMPILER_APPICON_NAME = AppIcon;
				ASSETCATALOG_COMPILER_GLOBAL_ACCENT_COLOR_NAME = AccentColor;
				CODE_SIGN_STYLE = Automatic;
				CURRENT_PROJECT_VERSION = 1;
				DEVELOPMENT_TEAM = DGJ822KQ62;
				GENERATE_INFOPLIST_FILE = YES;
				INFOPLIST_FILE = Navigation/Info.plist;
				INFOPLIST_KEY_UIApplicationSupportsIndirectInputEvents = YES;
				INFOPLIST_KEY_UILaunchStoryboardName = LaunchScreen;
				INFOPLIST_KEY_UISupportedInterfaceOrientations_iPad = "UIInterfaceOrientationPortrait UIInterfaceOrientationPortraitUpsideDown UIInterfaceOrientationLandscapeLeft UIInterfaceOrientationLandscapeRight";
				INFOPLIST_KEY_UISupportedInterfaceOrientations_iPhone = "UIInterfaceOrientationPortrait UIInterfaceOrientationLandscapeLeft UIInterfaceOrientationLandscapeRight";
				LD_RUNPATH_SEARCH_PATHS = (
					"$(inherited)",
					"@executable_path/Frameworks",
				);
				MARKETING_VERSION = 1.0;
				PRODUCT_BUNDLE_IDENTIFIER = "-.Navigation";
				PRODUCT_NAME = "$(TARGET_NAME)";
				SWIFT_EMIT_LOC_STRINGS = YES;
				SWIFT_VERSION = 5.0;
				TARGETED_DEVICE_FAMILY = "1,2";
			};
			name = Release;
		};
/* End XCBuildConfiguration section */

/* Begin XCConfigurationList section */
		FA51C7912806AF02007D50F0 /* Build configuration list for PBXProject "Navigation" */ = {
			isa = XCConfigurationList;
			buildConfigurations = (
				FA51C7A82806AF08007D50F0 /* Debug */,
				FA51C7A92806AF08007D50F0 /* Release */,
			);
			defaultConfigurationIsVisible = 0;
			defaultConfigurationName = Release;
		};
		FA51C7AA2806AF08007D50F0 /* Build configuration list for PBXNativeTarget "Navigation" */ = {
			isa = XCConfigurationList;
			buildConfigurations = (
				FA51C7AB2806AF08007D50F0 /* Debug */,
				FA51C7AC2806AF08007D50F0 /* Release */,
			);
			defaultConfigurationIsVisible = 0;
			defaultConfigurationName = Release;
		};
/* End XCConfigurationList section */
	};
	rootObject = FA51C78E2806AF02007D50F0 /* Project object */;
}
